<?xml version="1.0" encoding="utf-8"?>
<Project ToolsVersion="4.0" xmlns="http://schemas.microsoft.com/developer/msbuild/2003">
  <ItemGroup>
    <Filter Include="Исходные файлы">
      <UniqueIdentifier>{4FC737F1-C7A5-4376-A066-2A32D752A2FF}</UniqueIdentifier>
      <Extensions>cpp;c;cc;cxx;c++;cppm;ixx;def;odl;idl;hpj;bat;asm;asmx</Extensions>
    </Filter>
    <Filter Include="Файлы заголовков">
      <UniqueIdentifier>{93995380-89BD-4b04-88EB-625FBE52EBFB}</UniqueIdentifier>
      <Extensions>h;hh;hpp;hxx;h++;hm;inl;inc;ipp;xsd</Extensions>
    </Filter>
    <Filter Include="Файлы ресурсов">
      <UniqueIdentifier>{67DA6AB6-F800-4c08-8B7A-83BB121AAD01}</UniqueIdentifier>
      <Extensions>rc;ico;cur;bmp;dlg;rc2;rct;bin;rgs;gif;jpg;jpeg;jpe;resx;tiff;tif;png;wav;mfcribbon-ms</Extensions>
    </Filter>
    <Filter Include="Исходные файлы\api">
      <UniqueIdentifier>{19d60940-ecef-48ed-82a4-b8171396263b}</UniqueIdentifier>
    </Filter>
    <Filter Include="Исходные файлы\api\structs">
      <UniqueIdentifier>{9227db2d-8b76-4469-b1af-4f34b9af7071}</UniqueIdentifier>
    </Filter>
    <Filter Include="Исходные файлы\api\status_notifier">
      <UniqueIdentifier>{a2106822-0369-4339-80e4-545809429edf}</UniqueIdentifier>
    </Filter>
    <Filter Include="Исходные файлы\utils">
      <UniqueIdentifier>{40f862e3-6560-4c3b-befd-602da3caa2e3}</UniqueIdentifier>
    </Filter>
    <Filter Include="Исходные файлы\api\scanner">
      <UniqueIdentifier>{9d0c7b2a-3d80-4de9-ab24-decb9b601abb}</UniqueIdentifier>
    </Filter>
    <Filter Include="Исходные файлы\api\structs\incoming">
      <UniqueIdentifier>{502a28ef-24eb-4ecf-9a1e-a0a203907758}</UniqueIdentifier>
    </Filter>
    <Filter Include="Исходные файлы\api\structs\outgoing">
      <UniqueIdentifier>{91d63afa-544d-4c92-9464-efef33691928}</UniqueIdentifier>
    </Filter>
    <Filter Include="Исходные файлы\service">
      <UniqueIdentifier>{5a2a55f4-feef-4053-b12a-0abb5ef6cd1f}</UniqueIdentifier>
    </Filter>
  </ItemGroup>
  <ItemGroup>
    <ClCompile Include="main.cpp">
      <Filter>Исходные файлы</Filter>
    </ClCompile>
    <ClCompile Include="channel.cpp">
      <Filter>Исходные файлы</Filter>
    </ClCompile>
    <ClCompile Include="StatusNotifier.cpp">
      <Filter>Исходные файлы\api\status_notifier</Filter>
    </ClCompile>
    <ClCompile Include="scanner.cpp">
      <Filter>Исходные файлы\api\scanner</Filter>
    </ClCompile>
    <ClCompile Include="utils.cpp">
      <Filter>Исходные файлы\utils</Filter>
    </ClCompile>
    <ClCompile Include="Service.cpp">
      <Filter>Исходные файлы\service</Filter>
    </ClCompile>
  </ItemGroup>
  <ItemGroup>
    <ClInclude Include="channel.h">
      <Filter>Исходные файлы</Filter>
    </ClInclude>
    <ClInclude Include="MessageStruct.h">
      <Filter>Исходные файлы\api\structs</Filter>
    </ClInclude>
    <ClInclude Include="StatusNotifier.h">
      <Filter>Исходные файлы\api\status_notifier</Filter>
    </ClInclude>
    <ClInclude Include="MessagingParticipant.h">
      <Filter>Исходные файлы\api</Filter>
    </ClInclude>
    <ClInclude Include="utils.h">
      <Filter>Исходные файлы\utils</Filter>
    </ClInclude>
    <ClInclude Include="scanner.h">
      <Filter>Исходные файлы\api\scanner</Filter>
    </ClInclude>
    <ClInclude Include="OutgoingMessageBodyErrorStruct.h">
      <Filter>Исходные файлы\api\structs\outgoing</Filter>
    </ClInclude>
    <ClInclude Include="OutgoingMessageBodyStatusStruct.h">
      <Filter>Исходные файлы\api\structs\outgoing</Filter>
    </ClInclude>
    <ClInclude Include="OutgoingMessageTypes.h">
      <Filter>Исходные файлы\api\structs\outgoing</Filter>
    </ClInclude>
    <ClInclude Include="IncomingMessageTypes.h">
      <Filter>Исходные файлы\api\structs\incoming</Filter>
    </ClInclude>
    <ClInclude Include="Service.h">
      <Filter>Исходные файлы\service</Filter>
    </ClInclude>
  </ItemGroup>
</Project>